// !$*UTF8*$!
{
	archiveVersion = 1;
	classes = {
	};
	objectVersion = 55;
	objects = {

/* Begin PBXBuildFile section */
		9051E28628AF6E9D005FE811 /* AppDelegate.swift in Sources */ = {isa = PBXBuildFile; fileRef = 9051E28528AF6E9D005FE811 /* AppDelegate.swift */; };
		9051E28828AF6E9D005FE811 /* SceneDelegate.swift in Sources */ = {isa = PBXBuildFile; fileRef = 9051E28728AF6E9D005FE811 /* SceneDelegate.swift */; };
		9051E28A28AF6E9D005FE811 /* ViewController.swift in Sources */ = {isa = PBXBuildFile; fileRef = 9051E28928AF6E9D005FE811 /* ViewController.swift */; };
		9051E28D28AF6E9D005FE811 /* Main.storyboard in Resources */ = {isa = PBXBuildFile; fileRef = 9051E28B28AF6E9D005FE811 /* Main.storyboard */; };
		9051E28F28AF6E9F005FE811 /* Assets.xcassets in Resources */ = {isa = PBXBuildFile; fileRef = 9051E28E28AF6E9F005FE811 /* Assets.xcassets */; };
		9051E29228AF6E9F005FE811 /* LaunchScreen.storyboard in Resources */ = {isa = PBXBuildFile; fileRef = 9051E29028AF6E9F005FE811 /* LaunchScreen.storyboard */; };
		9051E29D28AF6FE6005FE811 /* UIViewCutom.swift in Sources */ = {isa = PBXBuildFile; fileRef = 9051E29C28AF6FE6005FE811 /* UIViewCutom.swift */; };
		9051E29F28AF7858005FE811 /* BaseView.swift in Sources */ = {isa = PBXBuildFile; fileRef = 9051E29E28AF7858005FE811 /* BaseView.swift */; };
		9051E2A128AF7B16005FE811 /* BaseVC.swift in Sources */ = {isa = PBXBuildFile; fileRef = 9051E2A028AF7B16005FE811 /* BaseVC.swift */; };
		9051E2A328AF7FB1005FE811 /* WriteView.swift in Sources */ = {isa = PBXBuildFile; fileRef = 9051E2A228AF7FB1005FE811 /* WriteView.swift */; };
		9051E2A728AF8BDC005FE811 /* Type.swift in Sources */ = {isa = PBXBuildFile; fileRef = 9051E2A628AF8BDC005FE811 /* Type.swift */; };
		9051E2B928B0D2EE005FE811 /* SnapKit in Frameworks */ = {isa = PBXBuildFile; productRef = 9051E2B828B0D2EE005FE811 /* SnapKit */; };
/* End PBXBuildFile section */

/* Begin PBXFileReference section */
		9051E28228AF6E9D005FE811 /* CodeBaseAssignment.app */ = {isa = PBXFileReference; explicitFileType = wrapper.application; includeInIndex = 0; path = CodeBaseAssignment.app; sourceTree = BUILT_PRODUCTS_DIR; };
		9051E28528AF6E9D005FE811 /* AppDelegate.swift */ = {isa = PBXFileReference; lastKnownFileType = sourcecode.swift; path = AppDelegate.swift; sourceTree = "<group>"; };
		9051E28728AF6E9D005FE811 /* SceneDelegate.swift */ = {isa = PBXFileReference; lastKnownFileType = sourcecode.swift; path = SceneDelegate.swift; sourceTree = "<group>"; };
		9051E28928AF6E9D005FE811 /* ViewController.swift */ = {isa = PBXFileReference; lastKnownFileType = sourcecode.swift; path = ViewController.swift; sourceTree = "<group>"; };
		9051E28C28AF6E9D005FE811 /* Base */ = {isa = PBXFileReference; lastKnownFileType = file.storyboard; name = Base; path = Base.lproj/Main.storyboard; sourceTree = "<group>"; };
		9051E28E28AF6E9F005FE811 /* Assets.xcassets */ = {isa = PBXFileReference; lastKnownFileType = folder.assetcatalog; path = Assets.xcassets; sourceTree = "<group>"; };
		9051E29128AF6E9F005FE811 /* Base */ = {isa = PBXFileReference; lastKnownFileType = file.storyboard; name = Base; path = Base.lproj/LaunchScreen.storyboard; sourceTree = "<group>"; };
		9051E29328AF6E9F005FE811 /* Info.plist */ = {isa = PBXFileReference; lastKnownFileType = text.plist.xml; path = Info.plist; sourceTree = "<group>"; };
		9051E29C28AF6FE6005FE811 /* UIViewCutom.swift */ = {isa = PBXFileReference; lastKnownFileType = sourcecode.swift; path = UIViewCutom.swift; sourceTree = "<group>"; };
		9051E29E28AF7858005FE811 /* BaseView.swift */ = {isa = PBXFileReference; lastKnownFileType = sourcecode.swift; path = BaseView.swift; sourceTree = "<group>"; };
		9051E2A028AF7B16005FE811 /* BaseVC.swift */ = {isa = PBXFileReference; lastKnownFileType = sourcecode.swift; path = BaseVC.swift; sourceTree = "<group>"; };
		9051E2A228AF7FB1005FE811 /* WriteView.swift */ = {isa = PBXFileReference; lastKnownFileType = sourcecode.swift; path = WriteView.swift; sourceTree = "<group>"; };
		9051E2A628AF8BDC005FE811 /* Type.swift */ = {isa = PBXFileReference; lastKnownFileType = sourcecode.swift; path = Type.swift; sourceTree = "<group>"; };
/* End PBXFileReference section */

/* Begin PBXFrameworksBuildPhase section */
		9051E27F28AF6E9D005FE811 /* Frameworks */ = {
			isa = PBXFrameworksBuildPhase;
			buildActionMask = 2147483647;
			files = (
				9051E2B928B0D2EE005FE811 /* SnapKit in Frameworks */,
			);
			runOnlyForDeploymentPostprocessing = 0;
		};
/* End PBXFrameworksBuildPhase section */

/* Begin PBXGroup section */
		9051E27928AF6E9D005FE811 = {
			isa = PBXGroup;
			children = (
				9051E28428AF6E9D005FE811 /* CodeBaseAssignment */,
				9051E28328AF6E9D005FE811 /* Products */,
			);
			sourceTree = "<group>";
		};
		9051E28328AF6E9D005FE811 /* Products */ = {
			isa = PBXGroup;
			children = (
				9051E28228AF6E9D005FE811 /* CodeBaseAssignment.app */,
			);
			name = Products;
			sourceTree = "<group>";
		};
		9051E28428AF6E9D005FE811 /* CodeBaseAssignment */ = {
			isa = PBXGroup;
			children = (
				9051E28528AF6E9D005FE811 /* AppDelegate.swift */,
				9051E28728AF6E9D005FE811 /* SceneDelegate.swift */,
				9051E2A528AF8BCB005FE811 /* Constant */,
				9051E29A28AF6EB8005FE811 /* CodeBase */,
				9051E29B28AF6FCD005FE811 /* CustomView */,
				9051E2A428AF817E005FE811 /* Project */,
				9051E28B28AF6E9D005FE811 /* Main.storyboard */,
				9051E28E28AF6E9F005FE811 /* Assets.xcassets */,
				9051E29028AF6E9F005FE811 /* LaunchScreen.storyboard */,
				9051E29328AF6E9F005FE811 /* Info.plist */,
			);
			path = CodeBaseAssignment;
			sourceTree = "<group>";
		};
		9051E29A28AF6EB8005FE811 /* CodeBase */ = {
			isa = PBXGroup;
			children = (
				9051E29E28AF7858005FE811 /* BaseView.swift */,
				9051E2A028AF7B16005FE811 /* BaseVC.swift */,
			);
			path = CodeBase;
			sourceTree = "<group>";
		};
		9051E29B28AF6FCD005FE811 /* CustomView */ = {
			isa = PBXGroup;
			children = (
				9051E29C28AF6FE6005FE811 /* UIViewCutom.swift */,
			);
			path = CustomView;
			sourceTree = "<group>";
		};
		9051E2A428AF817E005FE811 /* Project */ = {
			isa = PBXGroup;
			children = (
				9051E28928AF6E9D005FE811 /* ViewController.swift */,
				9051E2A228AF7FB1005FE811 /* WriteView.swift */,
			);
			path = Project;
			sourceTree = "<group>";
		};
		9051E2A528AF8BCB005FE811 /* Constant */ = {
			isa = PBXGroup;
			children = (
				9051E2A628AF8BDC005FE811 /* Type.swift */,
			);
			path = Constant;
			sourceTree = "<group>";
		};
/* End PBXGroup section */

/* Begin PBXNativeTarget section */
		9051E28128AF6E9D005FE811 /* CodeBaseAssignment */ = {
			isa = PBXNativeTarget;
			buildConfigurationList = 9051E29628AF6E9F005FE811 /* Build configuration list for PBXNativeTarget "CodeBaseAssignment" */;
			buildPhases = (
				9051E27E28AF6E9D005FE811 /* Sources */,
				9051E27F28AF6E9D005FE811 /* Frameworks */,
				9051E28028AF6E9D005FE811 /* Resources */,
			);
			buildRules = (
			);
			dependencies = (
			);
			name = CodeBaseAssignment;
			packageProductDependencies = (
				9051E2B828B0D2EE005FE811 /* SnapKit */,
			);
			productName = CodeBaseAssignment;
			productReference = 9051E28228AF6E9D005FE811 /* CodeBaseAssignment.app */;
			productType = "com.apple.product-type.application";
		};
/* End PBXNativeTarget section */

/* Begin PBXProject section */
		9051E27A28AF6E9D005FE811 /* Project object */ = {
			isa = PBXProject;
			attributes = {
				BuildIndependentTargetsInParallel = 1;
				LastSwiftUpdateCheck = 1340;
				LastUpgradeCheck = 1340;
				TargetAttributes = {
					9051E28128AF6E9D005FE811 = {
						CreatedOnToolsVersion = 13.4.1;
					};
				};
			};
			buildConfigurationList = 9051E27D28AF6E9D005FE811 /* Build configuration list for PBXProject "CodeBaseAssignment" */;
			compatibilityVersion = "Xcode 13.0";
			developmentRegion = en;
			hasScannedForEncodings = 0;
			knownRegions = (
				en,
				Base,
			);
			mainGroup = 9051E27928AF6E9D005FE811;
			packageReferences = (
				9051E2B728B0D2EE005FE811 /* XCRemoteSwiftPackageReference "SnapKit" */,
			);
			productRefGroup = 9051E28328AF6E9D005FE811 /* Products */;
			projectDirPath = "";
			projectRoot = "";
			targets = (
				9051E28128AF6E9D005FE811 /* CodeBaseAssignment */,
			);
		};
/* End PBXProject section */

/* Begin PBXResourcesBuildPhase section */
		9051E28028AF6E9D005FE811 /* Resources */ = {
			isa = PBXResourcesBuildPhase;
			buildActionMask = 2147483647;
			files = (
				9051E29228AF6E9F005FE811 /* LaunchScreen.storyboard in Resources */,
				9051E28F28AF6E9F005FE811 /* Assets.xcassets in Resources */,
				9051E28D28AF6E9D005FE811 /* Main.storyboard in Resources */,
			);
			runOnlyForDeploymentPostprocessing = 0;
		};
/* End PBXResourcesBuildPhase section */

/* Begin PBXSourcesBuildPhase section */
		9051E27E28AF6E9D005FE811 /* Sources */ = {
			isa = PBXSourcesBuildPhase;
			buildActionMask = 2147483647;
			files = (
				9051E28A28AF6E9D005FE811 /* ViewController.swift in Sources */,
				9051E2A128AF7B16005FE811 /* BaseVC.swift in Sources */,
				9051E29D28AF6FE6005FE811 /* UIViewCutom.swift in Sources */,
				9051E29F28AF7858005FE811 /* BaseView.swift in Sources */,
				9051E28628AF6E9D005FE811 /* AppDelegate.swift in Sources */,
				9051E28828AF6E9D005FE811 /* SceneDelegate.swift in Sources */,
				9051E2A328AF7FB1005FE811 /* WriteView.swift in Sources */,
				9051E2A728AF8BDC005FE811 /* Type.swift in Sources */,
			);
			runOnlyForDeploymentPostprocessing = 0;
		};
/* End PBXSourcesBuildPhase section */

/* Begin PBXVariantGroup section */
		9051E28B28AF6E9D005FE811 /* Main.storyboard */ = {
			isa = PBXVariantGroup;
			children = (
				9051E28C28AF6E9D005FE811 /* Base */,
			);
			name = Main.storyboard;
			sourceTree = "<group>";
		};
		9051E29028AF6E9F005FE811 /* LaunchScreen.storyboard */ = {
			isa = PBXVariantGroup;
			children = (
				9051E29128AF6E9F005FE811 /* Base */,
			);
			name = LaunchScreen.storyboard;
			sourceTree = "<group>";
		};
/* End PBXVariantGroup section */

/* Begin XCBuildConfiguration section */
		9051E29428AF6E9F005FE811 /* Debug */ = {
			isa = XCBuildConfiguration;
			buildSettings = {
				ALWAYS_SEARCH_USER_PATHS = NO;
				CLANG_ANALYZER_NONNULL = YES;
				CLANG_ANALYZER_NUMBER_OBJECT_CONVERSION = YES_AGGRESSIVE;
				CLANG_CXX_LANGUAGE_STANDARD = "gnu++17";
				CLANG_ENABLE_MODULES = YES;
				CLANG_ENABLE_OBJC_ARC = YES;
				CLANG_ENABLE_OBJC_WEAK = YES;
				CLANG_WARN_BLOCK_CAPTURE_AUTORELEASING = YES;
				CLANG_WARN_BOOL_CONVERSION = YES;
				CLANG_WARN_COMMA = YES;
				CLANG_WARN_CONSTANT_CONVERSION = YES;
				CLANG_WARN_DEPRECATED_OBJC_IMPLEMENTATIONS = YES;
				CLANG_WARN_DIRECT_OBJC_ISA_USAGE = YES_ERROR;
				CLANG_WARN_DOCUMENTATION_COMMENTS = YES;
				CLANG_WARN_EMPTY_BODY = YES;
				CLANG_WARN_ENUM_CONVERSION = YES;
				CLANG_WARN_INFINITE_RECURSION = YES;
				CLANG_WARN_INT_CONVERSION = YES;
				CLANG_WARN_NON_LITERAL_NULL_CONVERSION = YES;
				CLANG_WARN_OBJC_IMPLICIT_RETAIN_SELF = YES;
				CLANG_WARN_OBJC_LITERAL_CONVERSION = YES;
				CLANG_WARN_OBJC_ROOT_CLASS = YES_ERROR;
				CLANG_WARN_QUOTED_INCLUDE_IN_FRAMEWORK_HEADER = YES;
				CLANG_WARN_RANGE_LOOP_ANALYSIS = YES;
				CLANG_WARN_STRICT_PROTOTYPES = YES;
				CLANG_WARN_SUSPICIOUS_MOVE = YES;
				CLANG_WARN_UNGUARDED_AVAILABILITY = YES_AGGRESSIVE;
				CLANG_WARN_UNREACHABLE_CODE = YES;
				CLANG_WARN__DUPLICATE_METHOD_MATCH = YES;
				COPY_PHASE_STRIP = NO;
				DEBUG_INFORMATION_FORMAT = dwarf;
				ENABLE_STRICT_OBJC_MSGSEND = YES;
				ENABLE_TESTABILITY = YES;
				GCC_C_LANGUAGE_STANDARD = gnu11;
				GCC_DYNAMIC_NO_PIC = NO;
				GCC_NO_COMMON_BLOCKS = YES;
				GCC_OPTIMIZATION_LEVEL = 0;
				GCC_PREPROCESSOR_DEFINITIONS = (
					"DEBUG=1",
					"$(inherited)",
				);
				GCC_WARN_64_TO_32_BIT_CONVERSION = YES;
				GCC_WARN_ABOUT_RETURN_TYPE = YES_ERROR;
				GCC_WARN_UNDECLARED_SELECTOR = YES;
				GCC_WARN_UNINITIALIZED_AUTOS = YES_AGGRESSIVE;
				GCC_WARN_UNUSED_FUNCTION = YES;
				GCC_WARN_UNUSED_VARIABLE = YES;
				IPHONEOS_DEPLOYMENT_TARGET = 15.5;
				MTL_ENABLE_DEBUG_INFO = INCLUDE_SOURCE;
				MTL_FAST_MATH = YES;
				ONLY_ACTIVE_ARCH = YES;
				SDKROOT = iphoneos;
				SWIFT_ACTIVE_COMPILATION_CONDITIONS = DEBUG;
				SWIFT_OPTIMIZATION_LEVEL = "-Onone";
			};
			name = Debug;
		};
		9051E29528AF6E9F005FE811 /* Release */ = {
			isa = XCBuildConfiguration;
			buildSettings = {
				ALWAYS_SEARCH_USER_PATHS = NO;
				CLANG_ANALYZER_NONNULL = YES;
				CLANG_ANALYZER_NUMBER_OBJECT_CONVERSION = YES_AGGRESSIVE;
				CLANG_CXX_LANGUAGE_STANDARD = "gnu++17";
				CLANG_ENABLE_MODULES = YES;
				CLANG_ENABLE_OBJC_ARC = YES;
				CLANG_ENABLE_OBJC_WEAK = YES;
				CLANG_WARN_BLOCK_CAPTURE_AUTORELEASING = YES;
				CLANG_WARN_BOOL_CONVERSION = YES;
				CLANG_WARN_COMMA = YES;
				CLANG_WARN_CONSTANT_CONVERSION = YES;
				CLANG_WARN_DEPRECATED_OBJC_IMPLEMENTATIONS = YES;
				CLANG_WARN_DIRECT_OBJC_ISA_USAGE = YES_ERROR;
				CLANG_WARN_DOCUMENTATION_COMMENTS = YES;
				CLANG_WARN_EMPTY_BODY = YES;
				CLANG_WARN_ENUM_CONVERSION = YES;
				CLANG_WARN_INFINITE_RECURSION = YES;
				CLANG_WARN_INT_CONVERSION = YES;
				CLANG_WARN_NON_LITERAL_NULL_CONVERSION = YES;
				CLANG_WARN_OBJC_IMPLICIT_RETAIN_SELF = YES;
				CLANG_WARN_OBJC_LITERAL_CONVERSION = YES;
				CLANG_WARN_OBJC_ROOT_CLASS = YES_ERROR;
				CLANG_WARN_QUOTED_INCLUDE_IN_FRAMEWORK_HEADER = YES;
				CLANG_WARN_RANGE_LOOP_ANALYSIS = YES;
				CLANG_WARN_STRICT_PROTOTYPES = YES;
				CLANG_WARN_SUSPICIOUS_MOVE = YES;
				CLANG_WARN_UNGUARDED_AVAILABILITY = YES_AGGRESSIVE;
				CLANG_WARN_UNREACHABLE_CODE = YES;
				CLANG_WARN__DUPLICATE_METHOD_MATCH = YES;
				COPY_PHASE_STRIP = NO;
				DEBUG_INFORMATION_FORMAT = "dwarf-with-dsym";
				ENABLE_NS_ASSERTIONS = NO;
				ENABLE_STRICT_OBJC_MSGSEND = YES;
				GCC_C_LANGUAGE_STANDARD = gnu11;
				GCC_NO_COMMON_BLOCKS = YES;
				GCC_WARN_64_TO_32_BIT_CONVERSION = YES;
				GCC_WARN_ABOUT_RETURN_TYPE = YES_ERROR;
				GCC_WARN_UNDECLARED_SELECTOR = YES;
				GCC_WARN_UNINITIALIZED_AUTOS = YES_AGGRESSIVE;
				GCC_WARN_UNUSED_FUNCTION = YES;
				GCC_WARN_UNUSED_VARIABLE = YES;
				IPHONEOS_DEPLOYMENT_TARGET = 15.5;
				MTL_ENABLE_DEBUG_INFO = NO;
				MTL_FAST_MATH = YES;
				SDKROOT = iphoneos;
				SWIFT_COMPILATION_MODE = wholemodule;
				SWIFT_OPTIMIZATION_LEVEL = "-O";
				VALIDATE_PRODUCT = YES;
			};
			name = Release;
		};
		9051E29728AF6E9F005FE811 /* Debug */ = {
			isa = XCBuildConfiguration;
			buildSettings = {
				ASSETCATALOG_COMPILER_APPICON_NAME = AppIcon;
				ASSETCATALOG_COMPILER_GLOBAL_ACCENT_COLOR_NAME = AccentColor;
				CODE_SIGN_STYLE = Automatic;
				CURRENT_PROJECT_VERSION = 1;
				DEVELOPMENT_TEAM = 6H94XW3M7L;
				GENERATE_INFOPLIST_FILE = YES;
				INFOPLIST_FILE = CodeBaseAssignment/Info.plist;
				INFOPLIST_KEY_UIApplicationSupportsIndirectInputEvents = YES;
				INFOPLIST_KEY_UILaunchStoryboardName = LaunchScreen;
				INFOPLIST_KEY_UIMainStoryboardFile = Main;
				INFOPLIST_KEY_UISupportedInterfaceOrientations_iPad = "UIInterfaceOrientationPortrait UIInterfaceOrientationPortraitUpsideDown UIInterfaceOrientationLandscapeLeft UIInterfaceOrientationLandscapeRight";
				INFOPLIST_KEY_UISupportedInterfaceOrientations_iPhone = "UIInterfaceOrientationPortrait UIInterfaceOrientationLandscapeLeft UIInterfaceOrientationLandscapeRight";
				LD_RUNPATH_SEARCH_PATHS = (
					"$(inherited)",
					"@executable_path/Frameworks",
				);
				MARKETING_VERSION = 1.0;
				PRODUCT_BUNDLE_IDENTIFIER = com.bangsunu.CodeBaseAssignment;
				PRODUCT_NAME = "$(TARGET_NAME)";
				SWIFT_EMIT_LOC_STRINGS = YES;
				SWIFT_VERSION = 5.0;
				TARGETED_DEVICE_FAMILY = 1;
			};
			name = Debug;
		};
		9051E29828AF6E9F005FE811 /* Release */ = {
			isa = XCBuildConfiguration;
			buildSettings = {
				ASSETCATALOG_COMPILER_APPICON_NAME = AppIcon;
				ASSETCATALOG_COMPILER_GLOBAL_ACCENT_COLOR_NAME = AccentColor;
				CODE_SIGN_STYLE = Automatic;
				CURRENT_PROJECT_VERSION = 1;
				DEVELOPMENT_TEAM = 6H94XW3M7L;
				GENERATE_INFOPLIST_FILE = YES;
				INFOPLIST_FILE = CodeBaseAssignment/Info.plist;
				INFOPLIST_KEY_UIApplicationSupportsIndirectInputEvents = YES;
				INFOPLIST_KEY_UILaunchStoryboardName = LaunchScreen;
				INFOPLIST_KEY_UIMainStoryboardFile = Main;
				INFOPLIST_KEY_UISupportedInterfaceOrientations_iPad = "UIInterfaceOrientationPortrait UIInterfaceOrientationPortraitUpsideDown UIInterfaceOrientationLandscapeLeft UIInterfaceOrientationLandscapeRight";
				INFOPLIST_KEY_UISupportedInterfaceOrientations_iPhone = "UIInterfaceOrientationPortrait UIInterfaceOrientationLandscapeLeft UIInterfaceOrientationLandscapeRight";
				LD_RUNPATH_SEARCH_PATHS = (
					"$(inherited)",
					"@executable_path/Frameworks",
				);
				MARKETING_VERSION = 1.0;
				PRODUCT_BUNDLE_IDENTIFIER = com.bangsunu.CodeBaseAssignment;
				PRODUCT_NAME = "$(TARGET_NAME)";
				SWIFT_EMIT_LOC_STRINGS = YES;
				SWIFT_VERSION = 5.0;
				TARGETED_DEVICE_FAMILY = 1;
			};
			name = Release;
		};
/* End XCBuildConfiguration section */

/* Begin XCConfigurationList section */
		9051E27D28AF6E9D005FE811 /* Build configuration list for PBXProject "CodeBaseAssignment" */ = {
			isa = XCConfigurationList;
			buildConfigurations = (
				9051E29428AF6E9F005FE811 /* Debug */,
				9051E29528AF6E9F005FE811 /* Release */,
			);
			defaultConfigurationIsVisible = 0;
			defaultConfigurationName = Release;
		};
		9051E29628AF6E9F005FE811 /* Build configuration list for PBXNativeTarget "CodeBaseAssignment" */ = {
			isa = XCConfigurationList;
			buildConfigurations = (
				9051E29728AF6E9F005FE811 /* Debug */,
				9051E29828AF6E9F005FE811 /* Release */,
			);
			defaultConfigurationIsVisible = 0;
			defaultConfigurationName = Release;
		};
/* End XCConfigurationList section */

/* Begin XCRemoteSwiftPackageReference section */
		9051E2B728B0D2EE005FE811 /* XCRemoteSwiftPackageReference "SnapKit" */ = {
			isa = XCRemoteSwiftPackageReference;
			repositoryURL = "https://github.com/SnapKit/SnapKit.git";
			requirement = {
				kind = upToNextMajorVersion;
				minimumVersion = 5.0.0;
			};
		};
/* End XCRemoteSwiftPackageReference section */

/* Begin XCSwiftPackageProductDependency section */
		9051E2B828B0D2EE005FE811 /* SnapKit */ = {
			isa = XCSwiftPackageProductDependency;
			package = 9051E2B728B0D2EE005FE811 /* XCRemoteSwiftPackageReference "SnapKit" */;
			productName = SnapKit;
		};
/* End XCSwiftPackageProductDependency section */
	};
	rootObject = 9051E27A28AF6E9D005FE811 /* Project object */;
}
